
Microsoft Visual Studio Solution File, Format Version 12.00
Project("{FAE04EC0-301F-11D3-BF4B-00C04F79EFBC}") = "lab1", "lab1\lab1.csproj", "{B2E83770-20A5-4172-B40E-8EC5EB7DDF68}"
EndProject
Project("{FAE04EC0-301F-11D3-BF4B-00C04F79EFBC}") = "lab2", "lab2\lab2.csproj", "{A7A55196-0E48-4CD0-8314-0270D4DCE02C}"
EndProject
Project("{FAE04EC0-301F-11D3-BF4B-00C04F79EFBC}") = "lab3", "lab3\lab3.csproj", "{B5056ED3-2892-4B98-A1C1-636EEC737F39}"
EndProject
Project("{FAE04EC0-301F-11D3-BF4B-00C04F79EFBC}") = "lab4", "lab4\lab4.csproj", "{BD4B1FA5-5570-4C29-9E2B-17FBC9B616CD}"
EndProject
Project("{FAE04EC0-301F-11D3-BF4B-00C04F79EFBC}") = "lab5", "lab5\lab5.csproj", "{53C77C92-0561-4984-952A-084B5E1AAAC5}"
EndProject
Project("{FAE04EC0-301F-11D3-BF4B-00C04F79EFBC}") = "lab6", "lab6\lab6.csproj", "{269DE899-CC7E-4836-AA94-0351B2B60CBC}"
EndProject
Project("{FAE04EC0-301F-11D3-BF4B-00C04F79EFBC}") = "prak4.1", "prak4.1\prak4.1.csproj", "{5703B288-A438-4B76-94A2-CE6BFB811116}"
EndProject
Project("{FAE04EC0-301F-11D3-BF4B-00C04F79EFBC}") = "lab7", "lab7\lab7.csproj", "{5B75F1C0-9798-40EA-A1D2-51252959C146}"
EndProject
Project("{FAE04EC0-301F-11D3-BF4B-00C04F79EFBC}") = "prak4.2", "prak4.2\prak4.2.csproj", "{23E89FE4-6A6C-46FE-8123-6A5758F9C3D4}"
EndProject
Project("{FAE04EC0-301F-11D3-BF4B-00C04F79EFBC}") = "LinkedListExample", "LinkedListExample\LinkedListExample.csproj", "{0382FE3E-5A75-4272-ACF8-6F8142D8467D}"
EndProject
Project("{FAE04EC0-301F-11D3-BF4B-00C04F79EFBC}") = "lab8", "lab8\lab8.csproj", "{16F836E6-5CF6-4FDC-9AA2-1F1DA116CF87}"
EndProject
Global
	GlobalSection(SolutionConfigurationPlatforms) = preSolution
		Debug|Any CPU = Debug|Any CPU
		Release|Any CPU = Release|Any CPU
	EndGlobalSection
	GlobalSection(ProjectConfigurationPlatforms) = postSolution
		{B2E83770-20A5-4172-B40E-8EC5EB7DDF68}.Debug|Any CPU.ActiveCfg = Debug|Any CPU
		{B2E83770-20A5-4172-B40E-8EC5EB7DDF68}.Debug|Any CPU.Build.0 = Debug|Any CPU
		{B2E83770-20A5-4172-B40E-8EC5EB7DDF68}.Release|Any CPU.ActiveCfg = Release|Any CPU
		{B2E83770-20A5-4172-B40E-8EC5EB7DDF68}.Release|Any CPU.Build.0 = Release|Any CPU
		{A7A55196-0E48-4CD0-8314-0270D4DCE02C}.Debug|Any CPU.ActiveCfg = Debug|Any CPU
		{A7A55196-0E48-4CD0-8314-0270D4DCE02C}.Debug|Any CPU.Build.0 = Debug|Any CPU
		{A7A55196-0E48-4CD0-8314-0270D4DCE02C}.Release|Any CPU.ActiveCfg = Release|Any CPU
		{A7A55196-0E48-4CD0-8314-0270D4DCE02C}.Release|Any CPU.Build.0 = Release|Any CPU
		{B5056ED3-2892-4B98-A1C1-636EEC737F39}.Debug|Any CPU.ActiveCfg = Debug|Any CPU
		{B5056ED3-2892-4B98-A1C1-636EEC737F39}.Debug|Any CPU.Build.0 = Debug|Any CPU
		{B5056ED3-2892-4B98-A1C1-636EEC737F39}.Release|Any CPU.ActiveCfg = Release|Any CPU
		{B5056ED3-2892-4B98-A1C1-636EEC737F39}.Release|Any CPU.Build.0 = Release|Any CPU
		{BD4B1FA5-5570-4C29-9E2B-17FBC9B616CD}.Debug|Any CPU.ActiveCfg = Debug|Any CPU
		{BD4B1FA5-5570-4C29-9E2B-17FBC9B616CD}.Debug|Any CPU.Build.0 = Debug|Any CPU
		{BD4B1FA5-5570-4C29-9E2B-17FBC9B616CD}.Release|Any CPU.ActiveCfg = Release|Any CPU
		{BD4B1FA5-5570-4C29-9E2B-17FBC9B616CD}.Release|Any CPU.Build.0 = Release|Any CPU
		{53C77C92-0561-4984-952A-084B5E1AAAC5}.Debug|Any CPU.ActiveCfg = Debug|Any CPU
		{53C77C92-0561-4984-952A-084B5E1AAAC5}.Debug|Any CPU.Build.0 = Debug|Any CPU
		{53C77C92-0561-4984-952A-084B5E1AAAC5}.Release|Any CPU.ActiveCfg = Release|Any CPU
		{53C77C92-0561-4984-952A-084B5E1AAAC5}.Release|Any CPU.Build.0 = Release|Any CPU
		{269DE899-CC7E-4836-AA94-0351B2B60CBC}.Debug|Any CPU.ActiveCfg = Debug|Any CPU
		{269DE899-CC7E-4836-AA94-0351B2B60CBC}.Debug|Any CPU.Build.0 = Debug|Any CPU
		{269DE899-CC7E-4836-AA94-0351B2B60CBC}.Release|Any CPU.ActiveCfg = Release|Any CPU
		{269DE899-CC7E-4836-AA94-0351B2B60CBC}.Release|Any CPU.Build.0 = Release|Any CPU
		{5703B288-A438-4B76-94A2-CE6BFB811116}.Debug|Any CPU.ActiveCfg = Debug|Any CPU
		{5703B288-A438-4B76-94A2-CE6BFB811116}.Debug|Any CPU.Build.0 = Debug|Any CPU
		{5703B288-A438-4B76-94A2-CE6BFB811116}.Release|Any CPU.ActiveCfg = Release|Any CPU
		{5703B288-A438-4B76-94A2-CE6BFB811116}.Release|Any CPU.Build.0 = Release|Any CPU
		{5B75F1C0-9798-40EA-A1D2-51252959C146}.Debug|Any CPU.ActiveCfg = Debug|Any CPU
		{5B75F1C0-9798-40EA-A1D2-51252959C146}.Debug|Any CPU.Build.0 = Debug|Any CPU
		{5B75F1C0-9798-40EA-A1D2-51252959C146}.Release|Any CPU.ActiveCfg = Release|Any CPU
		{5B75F1C0-9798-40EA-A1D2-51252959C146}.Release|Any CPU.Build.0 = Release|Any CPU
		{23E89FE4-6A6C-46FE-8123-6A5758F9C3D4}.Debug|Any CPU.ActiveCfg = Debug|Any CPU
		{23E89FE4-6A6C-46FE-8123-6A5758F9C3D4}.Debug|Any CPU.Build.0 = Debug|Any CPU
		{23E89FE4-6A6C-46FE-8123-6A5758F9C3D4}.Release|Any CPU.ActiveCfg = Release|Any CPU
		{23E89FE4-6A6C-46FE-8123-6A5758F9C3D4}.Release|Any CPU.Build.0 = Release|Any CPU
		{0382FE3E-5A75-4272-ACF8-6F8142D8467D}.Debug|Any CPU.ActiveCfg = Debug|Any CPU
		{0382FE3E-5A75-4272-ACF8-6F8142D8467D}.Debug|Any CPU.Build.0 = Debug|Any CPU
		{0382FE3E-5A75-4272-ACF8-6F8142D8467D}.Release|Any CPU.ActiveCfg = Release|Any CPU
		{0382FE3E-5A75-4272-ACF8-6F8142D8467D}.Release|Any CPU.Build.0 = Release|Any CPU
		{16F836E6-5CF6-4FDC-9AA2-1F1DA116CF87}.Debug|Any CPU.ActiveCfg = Debug|Any CPU
		{16F836E6-5CF6-4FDC-9AA2-1F1DA116CF87}.Debug|Any CPU.Build.0 = Debug|Any CPU
		{16F836E6-5CF6-4FDC-9AA2-1F1DA116CF87}.Release|Any CPU.ActiveCfg = Release|Any CPU
		{16F836E6-5CF6-4FDC-9AA2-1F1DA116CF87}.Release|Any CPU.Build.0 = Release|Any CPU
	EndGlobalSection
EndGlobal
